
Microsoft Visual Studio Solution File, Format Version 12.00
# Visual Studio Version 17
VisualStudioVersion = 17.11.35312.102
MinimumVisualStudioVersion = 10.0.40219.1
Project("{9A19103F-16F7-4668-BE54-9A1E7A4F7556}") = "DataAccess", "DataAccess\DataAccess.csproj", "{E961E8D8-BE6F-411F-A0CF-1D00D36C239E}"
EndProject
Project("{9A19103F-16F7-4668-BE54-9A1E7A4F7556}") = "Business", "Business\Business.csproj", "{E60663CE-3DFA-4838-BDAF-52D2368D0678}"
EndProject
Project("{9A19103F-16F7-4668-BE54-9A1E7A4F7556}") = "Entities", "Entities\Entities.csproj", "{CAF193D7-9CB3-4CCB-984E-CA58A0F8E0FD}"
EndProject
Project("{9A19103F-16F7-4668-BE54-9A1E7A4F7556}") = "ConsoleUI", "ConsoleUI\ConsoleUI.csproj", "{23CF673D-FBAD-44A5-99D9-FB33802AB028}"
EndProject
Project("{FAE04EC0-301F-11D3-BF4B-00C04F79EFBC}") = "Core", "Core\Core.csproj", "{AE4517AC-F01C-4559-A3E7-F114F1D3B121}"
EndProject
Project("{FAE04EC0-301F-11D3-BF4B-00C04F79EFBC}") = "WebAPI", "WebAPI\WebAPI.csproj", "{EC69E659-0119-4695-9F03-BEAAA2974F0B}"
EndProject
Global
	GlobalSection(SolutionConfigurationPlatforms) = preSolution
		Debug|Any CPU = Debug|Any CPU
		Release|Any CPU = Release|Any CPU
	EndGlobalSection
	GlobalSection(ProjectConfigurationPlatforms) = postSolution
		{E961E8D8-BE6F-411F-A0CF-1D00D36C239E}.Debug|Any CPU.ActiveCfg = Debug|Any CPU
		{E961E8D8-BE6F-411F-A0CF-1D00D36C239E}.Debug|Any CPU.Build.0 = Debug|Any CPU
		{E961E8D8-BE6F-411F-A0CF-1D00D36C239E}.Release|Any CPU.ActiveCfg = Release|Any CPU
		{E961E8D8-BE6F-411F-A0CF-1D00D36C239E}.Release|Any CPU.Build.0 = Release|Any CPU
		{E60663CE-3DFA-4838-BDAF-52D2368D0678}.Debug|Any CPU.ActiveCfg = Debug|Any CPU
		{E60663CE-3DFA-4838-BDAF-52D2368D0678}.Debug|Any CPU.Build.0 = Debug|Any CPU
		{E60663CE-3DFA-4838-BDAF-52D2368D0678}.Release|Any CPU.ActiveCfg = Release|Any CPU
		{E60663CE-3DFA-4838-BDAF-52D2368D0678}.Release|Any CPU.Build.0 = Release|Any CPU
		{CAF193D7-9CB3-4CCB-984E-CA58A0F8E0FD}.Debug|Any CPU.ActiveCfg = Debug|Any CPU
		{CAF193D7-9CB3-4CCB-984E-CA58A0F8E0FD}.Debug|Any CPU.Build.0 = Debug|Any CPU
		{CAF193D7-9CB3-4CCB-984E-CA58A0F8E0FD}.Release|Any CPU.ActiveCfg = Release|Any CPU
		{CAF193D7-9CB3-4CCB-984E-CA58A0F8E0FD}.Release|Any CPU.Build.0 = Release|Any CPU
		{23CF673D-FBAD-44A5-99D9-FB33802AB028}.Debug|Any CPU.ActiveCfg = Debug|Any CPU
		{23CF673D-FBAD-44A5-99D9-FB33802AB028}.Debug|Any CPU.Build.0 = Debug|Any CPU
		{23CF673D-FBAD-44A5-99D9-FB33802AB028}.Release|Any CPU.ActiveCfg = Release|Any CPU
		{23CF673D-FBAD-44A5-99D9-FB33802AB028}.Release|Any CPU.Build.0 = Release|Any CPU
		{AE4517AC-F01C-4559-A3E7-F114F1D3B121}.Debug|Any CPU.ActiveCfg = Debug|Any CPU
		{AE4517AC-F01C-4559-A3E7-F114F1D3B121}.Debug|Any CPU.Build.0 = Debug|Any CPU
		{AE4517AC-F01C-4559-A3E7-F114F1D3B121}.Release|Any CPU.ActiveCfg = Release|Any CPU
		{AE4517AC-F01C-4559-A3E7-F114F1D3B121}.Release|Any CPU.Build.0 = Release|Any CPU
		{EC69E659-0119-4695-9F03-BEAAA2974F0B}.Debug|Any CPU.ActiveCfg = Debug|Any CPU
		{EC69E659-0119-4695-9F03-BEAAA2974F0B}.Debug|Any CPU.Build.0 = Debug|Any CPU
		{EC69E659-0119-4695-9F03-BEAAA2974F0B}.Release|Any CPU.ActiveCfg = Release|Any CPU
		{EC69E659-0119-4695-9F03-BEAAA2974F0B}.Release|Any CPU.Build.0 = Release|Any CPU
	EndGlobalSection
	GlobalSection(SolutionProperties) = preSolution
		HideSolutionNode = FALSE
	EndGlobalSection
	GlobalSection(ExtensibilityGlobals) = postSolution
		SolutionGuid = {5659A314-F9CE-493E-8404-210C92000D87}
	EndGlobalSection
EndGlobal
